{
  "name": "plactice",
  "lockfileVersion": 3,
  "requires": true,
  "packages": {
    "": {
      "dependencies": {
        "mobx": "^6.13.5"
      }
    },
    "node_modules/mobx": {
      "version": "6.13.5",
      "resolved": "https://registry.npmjs.org/mobx/-/mobx-6.13.5.tgz",
      "integrity": "sha512-/HTWzW2s8J1Gqt+WmUj5Y0mddZk+LInejADc79NJadrWla3rHzmRHki/mnEUH1AvOmbNTZ1BRbKxr8DSgfdjMA==",
      "funding": {
        "type": "opencollective",
        "url": "https://opencollective.com/mobx"
      }
    }
  }
}
